
Microsoft Visual Studio Solution File, Format Version 12.00
# Visual Studio Version 16
VisualStudioVersion = 16.0.30517.126
MinimumVisualStudioVersion = 10.0.40219.1
Project("{FAE04EC0-301F-11D3-BF4B-00C04F79EFBC}") = "Worldyachts", "Worldyachts\Worldyachts.csproj", "{C3758DCD-F614-4062-9FE4-9E7C32129287}"
EndProject
Global
	GlobalSection(SolutionConfigurationPlatforms) = preSolution
		Debug|Any CPU = Debug|Any CPU
		Release|Any CPU = Release|Any CPU
	EndGlobalSection
	GlobalSection(ProjectConfigurationPlatforms) = postSolution
		{C3758DCD-F614-4062-9FE4-9E7C32129287}.Debug|Any CPU.ActiveCfg = Debug|Any CPU
		{C3758DCD-F614-4062-9FE4-9E7C32129287}.Debug|Any CPU.Build.0 = Debug|Any CPU
		{C3758DCD-F614-4062-9FE4-9E7C32129287}.Release|Any CPU.ActiveCfg = Release|Any CPU
		{C3758DCD-F614-4062-9FE4-9E7C32129287}.Release|Any CPU.Build.0 = Release|Any CPU
	EndGlobalSection
	GlobalSection(SolutionProperties) = preSolution
		HideSolutionNode = FALSE
	EndGlobalSection
	GlobalSection(ExtensibilityGlobals) = postSolution
		SolutionGuid = {CE7BD28B-92C0-4CA9-8A81-1DF89DD2F278}
	EndGlobalSection
EndGlobal
